
Microsoft Visual Studio Solution File, Format Version 12.00
# Visual Studio Version 17
VisualStudioVersion = 17.11.35303.130
MinimumVisualStudioVersion = 10.0.40219.1
Project("{FAE04EC0-301F-11D3-BF4B-00C04F79EFBC}") = "SmartHome", "SmartHome.csproj", "{3DF3416C-0973-4B21-9995-F3BAB5EA000A}"
EndProject
Global
	GlobalSection(SolutionConfigurationPlatforms) = preSolution
		Debug|Any CPU = Debug|Any CPU
		Release|Any CPU = Release|Any CPU
	EndGlobalSection
	GlobalSection(ProjectConfigurationPlatforms) = postSolution
		{3DF3416C-0973-4B21-9995-F3BAB5EA000A}.Debug|Any CPU.ActiveCfg = Debug|Any CPU
		{3DF3416C-0973-4B21-9995-F3BAB5EA000A}.Debug|Any CPU.Build.0 = Debug|Any CPU
		{3DF3416C-0973-4B21-9995-F3BAB5EA000A}.Release|Any CPU.ActiveCfg = Release|Any CPU
		{3DF3416C-0973-4B21-9995-F3BAB5EA000A}.Release|Any CPU.Build.0 = Release|Any CPU
	EndGlobalSection
	GlobalSection(SolutionProperties) = preSolution
		HideSolutionNode = FALSE
	EndGlobalSection
	GlobalSection(ExtensibilityGlobals) = postSolution
		SolutionGuid = {A061EE11-08C4-4B8B-8710-4BD8A00ADA16}
	EndGlobalSection
EndGlobal
